
Microsoft Visual Studio Solution File, Format Version 12.00
# Visual Studio Version 17
VisualStudioVersion = 17.5.002.0
MinimumVisualStudioVersion = 10.0.40219.1
Project("{9A19103F-16F7-4668-BE54-9A1E7A4F7556}") = "Soru_6", "Soru_6.csproj", "{B80CFF78-032F-4EFF-A514-F0A972F75917}"
EndProject
Global
	GlobalSection(SolutionConfigurationPlatforms) = preSolution
		Debug|Any CPU = Debug|Any CPU
		Release|Any CPU = Release|Any CPU
	EndGlobalSection
	GlobalSection(ProjectConfigurationPlatforms) = postSolution
		{B80CFF78-032F-4EFF-A514-F0A972F75917}.Debug|Any CPU.ActiveCfg = Debug|Any CPU
		{B80CFF78-032F-4EFF-A514-F0A972F75917}.Debug|Any CPU.Build.0 = Debug|Any CPU
		{B80CFF78-032F-4EFF-A514-F0A972F75917}.Release|Any CPU.ActiveCfg = Release|Any CPU
		{B80CFF78-032F-4EFF-A514-F0A972F75917}.Release|Any CPU.Build.0 = Release|Any CPU
	EndGlobalSection
	GlobalSection(SolutionProperties) = preSolution
		HideSolutionNode = FALSE
	EndGlobalSection
	GlobalSection(ExtensibilityGlobals) = postSolution
		SolutionGuid = {12B79CF4-843F-4AC4-B83B-2F70D89C3631}
	EndGlobalSection
EndGlobal
