
Microsoft Visual Studio Solution File, Format Version 12.00
# Visual Studio Version 17
VisualStudioVersion = 17.5.002.0
MinimumVisualStudioVersion = 10.0.40219.1
Project("{9A19103F-16F7-4668-BE54-9A1E7A4F7556}") = "MaxMinHomeWork", "MaxMinHomeWork.csproj", "{54017C4E-5727-4C1A-B2F5-2BCFC25E92A4}"
EndProject
Global
	GlobalSection(SolutionConfigurationPlatforms) = preSolution
		Debug|Any CPU = Debug|Any CPU
		Release|Any CPU = Release|Any CPU
	EndGlobalSection
	GlobalSection(ProjectConfigurationPlatforms) = postSolution
		{54017C4E-5727-4C1A-B2F5-2BCFC25E92A4}.Debug|Any CPU.ActiveCfg = Debug|Any CPU
		{54017C4E-5727-4C1A-B2F5-2BCFC25E92A4}.Debug|Any CPU.Build.0 = Debug|Any CPU
		{54017C4E-5727-4C1A-B2F5-2BCFC25E92A4}.Release|Any CPU.ActiveCfg = Release|Any CPU
		{54017C4E-5727-4C1A-B2F5-2BCFC25E92A4}.Release|Any CPU.Build.0 = Release|Any CPU
	EndGlobalSection
	GlobalSection(SolutionProperties) = preSolution
		HideSolutionNode = FALSE
	EndGlobalSection
	GlobalSection(ExtensibilityGlobals) = postSolution
		SolutionGuid = {67203A1E-F263-4D3F-A1F2-C109440814D5}
	EndGlobalSection
EndGlobal
