
Microsoft Visual Studio Solution File, Format Version 12.00
# Visual Studio Version 17
VisualStudioVersion = 17.5.002.0
MinimumVisualStudioVersion = 10.0.40219.1
Project("{9A19103F-16F7-4668-BE54-9A1E7A4F7556}") = "Soru_10", "Soru_10.csproj", "{C0C5A509-BA9A-4367-B3D5-39E6F0738A12}"
EndProject
Global
	GlobalSection(SolutionConfigurationPlatforms) = preSolution
		Debug|Any CPU = Debug|Any CPU
		Release|Any CPU = Release|Any CPU
	EndGlobalSection
	GlobalSection(ProjectConfigurationPlatforms) = postSolution
		{C0C5A509-BA9A-4367-B3D5-39E6F0738A12}.Debug|Any CPU.ActiveCfg = Debug|Any CPU
		{C0C5A509-BA9A-4367-B3D5-39E6F0738A12}.Debug|Any CPU.Build.0 = Debug|Any CPU
		{C0C5A509-BA9A-4367-B3D5-39E6F0738A12}.Release|Any CPU.ActiveCfg = Release|Any CPU
		{C0C5A509-BA9A-4367-B3D5-39E6F0738A12}.Release|Any CPU.Build.0 = Release|Any CPU
	EndGlobalSection
	GlobalSection(SolutionProperties) = preSolution
		HideSolutionNode = FALSE
	EndGlobalSection
	GlobalSection(ExtensibilityGlobals) = postSolution
		SolutionGuid = {C4CE818A-DD30-4C5F-A500-8285E5DD927F}
	EndGlobalSection
EndGlobal
