
Microsoft Visual Studio Solution File, Format Version 12.00
# Visual Studio Version 17
VisualStudioVersion = 17.5.002.0
MinimumVisualStudioVersion = 10.0.40219.1
Project("{9A19103F-16F7-4668-BE54-9A1E7A4F7556}") = "HomeWork018", "HomeWork018.csproj", "{E2DCF039-B9D2-40BC-979F-B8E5B162C936}"
EndProject
Global
	GlobalSection(SolutionConfigurationPlatforms) = preSolution
		Debug|Any CPU = Debug|Any CPU
		Release|Any CPU = Release|Any CPU
	EndGlobalSection
	GlobalSection(ProjectConfigurationPlatforms) = postSolution
		{E2DCF039-B9D2-40BC-979F-B8E5B162C936}.Debug|Any CPU.ActiveCfg = Debug|Any CPU
		{E2DCF039-B9D2-40BC-979F-B8E5B162C936}.Debug|Any CPU.Build.0 = Debug|Any CPU
		{E2DCF039-B9D2-40BC-979F-B8E5B162C936}.Release|Any CPU.ActiveCfg = Release|Any CPU
		{E2DCF039-B9D2-40BC-979F-B8E5B162C936}.Release|Any CPU.Build.0 = Release|Any CPU
	EndGlobalSection
	GlobalSection(SolutionProperties) = preSolution
		HideSolutionNode = FALSE
	EndGlobalSection
	GlobalSection(ExtensibilityGlobals) = postSolution
		SolutionGuid = {8CF7B134-597A-4629-A3F5-6705A096F657}
	EndGlobalSection
EndGlobal
