
Microsoft Visual Studio Solution File, Format Version 12.00
# Visual Studio Version 17
VisualStudioVersion = 17.5.002.0
MinimumVisualStudioVersion = 10.0.40219.1
Project("{9A19103F-16F7-4668-BE54-9A1E7A4F7556}") = "HomeWork015", "HomeWork015.csproj", "{B750700D-42BC-4F73-9334-952672BBBC37}"
EndProject
Global
	GlobalSection(SolutionConfigurationPlatforms) = preSolution
		Debug|Any CPU = Debug|Any CPU
		Release|Any CPU = Release|Any CPU
	EndGlobalSection
	GlobalSection(ProjectConfigurationPlatforms) = postSolution
		{B750700D-42BC-4F73-9334-952672BBBC37}.Debug|Any CPU.ActiveCfg = Debug|Any CPU
		{B750700D-42BC-4F73-9334-952672BBBC37}.Debug|Any CPU.Build.0 = Debug|Any CPU
		{B750700D-42BC-4F73-9334-952672BBBC37}.Release|Any CPU.ActiveCfg = Release|Any CPU
		{B750700D-42BC-4F73-9334-952672BBBC37}.Release|Any CPU.Build.0 = Release|Any CPU
	EndGlobalSection
	GlobalSection(SolutionProperties) = preSolution
		HideSolutionNode = FALSE
	EndGlobalSection
	GlobalSection(ExtensibilityGlobals) = postSolution
		SolutionGuid = {FDE9372F-0C2D-4644-BA9D-A962BCDDCEAB}
	EndGlobalSection
EndGlobal
