
Microsoft Visual Studio Solution File, Format Version 12.00
# Visual Studio Version 17
VisualStudioVersion = 17.5.002.0
MinimumVisualStudioVersion = 10.0.40219.1
Project("{9A19103F-16F7-4668-BE54-9A1E7A4F7556}") = "HomeWork011", "HomeWork011.csproj", "{617D5B4B-427D-4884-8500-8C9AD0EC2753}"
EndProject
Global
	GlobalSection(SolutionConfigurationPlatforms) = preSolution
		Debug|Any CPU = Debug|Any CPU
		Release|Any CPU = Release|Any CPU
	EndGlobalSection
	GlobalSection(ProjectConfigurationPlatforms) = postSolution
		{617D5B4B-427D-4884-8500-8C9AD0EC2753}.Debug|Any CPU.ActiveCfg = Debug|Any CPU
		{617D5B4B-427D-4884-8500-8C9AD0EC2753}.Debug|Any CPU.Build.0 = Debug|Any CPU
		{617D5B4B-427D-4884-8500-8C9AD0EC2753}.Release|Any CPU.ActiveCfg = Release|Any CPU
		{617D5B4B-427D-4884-8500-8C9AD0EC2753}.Release|Any CPU.Build.0 = Release|Any CPU
	EndGlobalSection
	GlobalSection(SolutionProperties) = preSolution
		HideSolutionNode = FALSE
	EndGlobalSection
	GlobalSection(ExtensibilityGlobals) = postSolution
		SolutionGuid = {99BB9C1C-220E-4F79-B4DF-16BAF6ADEBDA}
	EndGlobalSection
EndGlobal
